
Microsoft Visual Studio Solution File, Format Version 12.00
# Visual Studio 15
VisualStudioVersion = 15.0.28307.271
MinimumVisualStudioVersion = 10.0.40219.1
Project("{FAE04EC0-301F-11D3-BF4B-00C04F79EFBC}") = "AspNetApplication", "AspNetApplication\AspNetApplication.csproj", "{834DFD4D-E356-482F-8CD0-A14098FB0D71}"
EndProject
Global
	GlobalSection(SolutionConfigurationPlatforms) = preSolution
		Debug|Any CPU = Debug|Any CPU
		Release|Any CPU = Release|Any CPU
	EndGlobalSection
	GlobalSection(ProjectConfigurationPlatforms) = postSolution
		{834DFD4D-E356-482F-8CD0-A14098FB0D71}.Debug|Any CPU.ActiveCfg = Debug|Any CPU
		{834DFD4D-E356-482F-8CD0-A14098FB0D71}.Debug|Any CPU.Build.0 = Debug|Any CPU
		{834DFD4D-E356-482F-8CD0-A14098FB0D71}.Release|Any CPU.ActiveCfg = Release|Any CPU
		{834DFD4D-E356-482F-8CD0-A14098FB0D71}.Release|Any CPU.Build.0 = Release|Any CPU
	EndGlobalSection
	GlobalSection(SolutionProperties) = preSolution
		HideSolutionNode = FALSE
	EndGlobalSection
	GlobalSection(ExtensibilityGlobals) = postSolution
		SolutionGuid = {45CA66E3-B186-42DF-9374-C31A563E2886}
	EndGlobalSection
EndGlobal
